
Microsoft Visual Studio Solution File, Format Version 12.00
# Visual Studio Version 16
VisualStudioVersion = 16.0.30225.117
MinimumVisualStudioVersion = 10.0.40219.1
Project("{FAE04EC0-301F-11D3-BF4B-00C04F79EFBC}") = "ChurchApp", "ChurchApp\ChurchApp.csproj", "{2C3B38B3-5890-4F44-BD25-829416669E65}"
EndProject
Global
	GlobalSection(SolutionConfigurationPlatforms) = preSolution
		Debug|Any CPU = Debug|Any CPU
		Release|Any CPU = Release|Any CPU
	EndGlobalSection
	GlobalSection(ProjectConfigurationPlatforms) = postSolution
		{2C3B38B3-5890-4F44-BD25-829416669E65}.Debug|Any CPU.ActiveCfg = Debug|Any CPU
		{2C3B38B3-5890-4F44-BD25-829416669E65}.Debug|Any CPU.Build.0 = Debug|Any CPU
		{2C3B38B3-5890-4F44-BD25-829416669E65}.Release|Any CPU.ActiveCfg = Release|Any CPU
		{2C3B38B3-5890-4F44-BD25-829416669E65}.Release|Any CPU.Build.0 = Release|Any CPU
	EndGlobalSection
	GlobalSection(SolutionProperties) = preSolution
		HideSolutionNode = FALSE
	EndGlobalSection
	GlobalSection(ExtensibilityGlobals) = postSolution
		SolutionGuid = {DB791627-0CF6-4CF0-9734-861FA981578C}
	EndGlobalSection
EndGlobal
